
Microsoft Visual Studio Solution File, Format Version 12.00
# Visual Studio Version 17
VisualStudioVersion = 17.11.35303.130
MinimumVisualStudioVersion = 10.0.40219.1
Project("{FAE04EC0-301F-11D3-BF4B-00C04F79EFBC}") = "Yazlab_YemekTarifi", "Yazlab_YemekTarifi\Yazlab_YemekTarifi.csproj", "{EE516C24-4B43-4AED-9538-DE14DA517EED}"
EndProject
Global
	GlobalSection(SolutionConfigurationPlatforms) = preSolution
		Debug|Any CPU = Debug|Any CPU
		Release|Any CPU = Release|Any CPU
	EndGlobalSection
	GlobalSection(ProjectConfigurationPlatforms) = postSolution
		{EE516C24-4B43-4AED-9538-DE14DA517EED}.Debug|Any CPU.ActiveCfg = Debug|Any CPU
		{EE516C24-4B43-4AED-9538-DE14DA517EED}.Debug|Any CPU.Build.0 = Debug|Any CPU
		{EE516C24-4B43-4AED-9538-DE14DA517EED}.Release|Any CPU.ActiveCfg = Release|Any CPU
		{EE516C24-4B43-4AED-9538-DE14DA517EED}.Release|Any CPU.Build.0 = Release|Any CPU
	EndGlobalSection
	GlobalSection(SolutionProperties) = preSolution
		HideSolutionNode = FALSE
	EndGlobalSection
	GlobalSection(ExtensibilityGlobals) = postSolution
		SolutionGuid = {6B7EB6CE-0BB1-49DD-A8BE-296F33D373C4}
	EndGlobalSection
EndGlobal
